
Microsoft Visual Studio Solution File, Format Version 12.00
# Visual Studio Version 17
VisualStudioVersion = 17.9.34728.123
MinimumVisualStudioVersion = 10.0.40219.1
Project("{FAE04EC0-301F-11D3-BF4B-00C04F79EFBC}") = "EncryptMsg", "EncryptMsg\EncryptMsg.csproj", "{CCBE7AC7-A426-4C1E-AD7F-F2E3999C92C5}"
EndProject
Project("{54435603-DBB4-11D2-8724-00A0C9A8B90C}") = "EncryptSetup", "EncryptSetup\EncryptSetup.vdproj", "{4EBD4206-4419-4DCE-9635-809A5175E61A}"
EndProject
Project("{54435603-DBB4-11D2-8724-00A0C9A8B90C}") = "EncryptSetupp", "EncryptSetupp\EncryptSetupp.vdproj", "{6EDA9FBA-15F9-4FB2-83A4-88B98194ED1A}"
EndProject
Global
	GlobalSection(SolutionConfigurationPlatforms) = preSolution
		Debug|Any CPU = Debug|Any CPU
		Release|Any CPU = Release|Any CPU
	EndGlobalSection
	GlobalSection(ProjectConfigurationPlatforms) = postSolution
		{CCBE7AC7-A426-4C1E-AD7F-F2E3999C92C5}.Debug|Any CPU.ActiveCfg = Debug|Any CPU
		{CCBE7AC7-A426-4C1E-AD7F-F2E3999C92C5}.Debug|Any CPU.Build.0 = Debug|Any CPU
		{CCBE7AC7-A426-4C1E-AD7F-F2E3999C92C5}.Release|Any CPU.ActiveCfg = Release|Any CPU
		{CCBE7AC7-A426-4C1E-AD7F-F2E3999C92C5}.Release|Any CPU.Build.0 = Release|Any CPU
		{4EBD4206-4419-4DCE-9635-809A5175E61A}.Debug|Any CPU.ActiveCfg = Debug
		{4EBD4206-4419-4DCE-9635-809A5175E61A}.Release|Any CPU.ActiveCfg = Release
		{6EDA9FBA-15F9-4FB2-83A4-88B98194ED1A}.Debug|Any CPU.ActiveCfg = Debug
		{6EDA9FBA-15F9-4FB2-83A4-88B98194ED1A}.Release|Any CPU.ActiveCfg = Release
	EndGlobalSection
	GlobalSection(SolutionProperties) = preSolution
		HideSolutionNode = FALSE
	EndGlobalSection
	GlobalSection(ExtensibilityGlobals) = postSolution
		SolutionGuid = {B4598995-64BA-4C74-B8EC-1AFA3892669A}
	EndGlobalSection
EndGlobal
